
Microsoft Visual Studio Solution File, Format Version 12.00
# Visual Studio Version 17
VisualStudioVersion = 17.1.32210.238
MinimumVisualStudioVersion = 10.0.40219.1
Project("{FAE04EC0-301F-11D3-BF4B-00C04F79EFBC}") = "Receivers", "Receivers\Receivers.csproj", "{AB23DF4C-B856-42C3-90A7-AF253AF3E278}"
EndProject
Global
	GlobalSection(SolutionConfigurationPlatforms) = preSolution
		Debug|Any CPU = Debug|Any CPU
		Release|Any CPU = Release|Any CPU
	EndGlobalSection
	GlobalSection(ProjectConfigurationPlatforms) = postSolution
		{AB23DF4C-B856-42C3-90A7-AF253AF3E278}.Debug|Any CPU.ActiveCfg = Debug|Any CPU
		{AB23DF4C-B856-42C3-90A7-AF253AF3E278}.Debug|Any CPU.Build.0 = Debug|Any CPU
		{AB23DF4C-B856-42C3-90A7-AF253AF3E278}.Release|Any CPU.ActiveCfg = Release|Any CPU
		{AB23DF4C-B856-42C3-90A7-AF253AF3E278}.Release|Any CPU.Build.0 = Release|Any CPU
	EndGlobalSection
	GlobalSection(SolutionProperties) = preSolution
		HideSolutionNode = FALSE
	EndGlobalSection
	GlobalSection(ExtensibilityGlobals) = postSolution
		SolutionGuid = {E717DFE4-2CEE-454C-AEA6-05B3993145B1}
	EndGlobalSection
EndGlobal
